
Microsoft Visual Studio Solution File, Format Version 12.00
# Visual Studio Version 16
VisualStudioVersion = 16.0.31112.23
MinimumVisualStudioVersion = 10.0.40219.1
Project("{FAE04EC0-301F-11D3-BF4B-00C04F79EFBC}") = "VeriTabanli_Parti_Secim_ve_Istatistik", "VeriTabanli_Parti_Secim_ve_Istatistik\VeriTabanli_Parti_Secim_ve_Istatistik.csproj", "{F2D77612-B94A-4C27-831B-B067469E391C}"
EndProject
Global
	GlobalSection(SolutionConfigurationPlatforms) = preSolution
		Debug|Any CPU = Debug|Any CPU
		Release|Any CPU = Release|Any CPU
	EndGlobalSection
	GlobalSection(ProjectConfigurationPlatforms) = postSolution
		{F2D77612-B94A-4C27-831B-B067469E391C}.Debug|Any CPU.ActiveCfg = Debug|Any CPU
		{F2D77612-B94A-4C27-831B-B067469E391C}.Debug|Any CPU.Build.0 = Debug|Any CPU
		{F2D77612-B94A-4C27-831B-B067469E391C}.Release|Any CPU.ActiveCfg = Release|Any CPU
		{F2D77612-B94A-4C27-831B-B067469E391C}.Release|Any CPU.Build.0 = Release|Any CPU
	EndGlobalSection
	GlobalSection(SolutionProperties) = preSolution
		HideSolutionNode = FALSE
	EndGlobalSection
	GlobalSection(ExtensibilityGlobals) = postSolution
		SolutionGuid = {4FAB1E28-0C68-47B2-BE9B-2345981E5183}
	EndGlobalSection
EndGlobal
